
Microsoft Visual Studio Solution File, Format Version 12.00
# Visual Studio Version 17
VisualStudioVersion = 17.4.33213.308
MinimumVisualStudioVersion = 10.0.40219.1
Project("{FAE04EC0-301F-11D3-BF4B-00C04F79EFBC}") = "BulkyBookWeb", "BulkyBookWeb\BulkyBookWeb.csproj", "{2FE5B4F9-5696-4DCB-B2B5-A3CFE7758A9A}"
EndProject
Global
	GlobalSection(SolutionConfigurationPlatforms) = preSolution
		Debug|Any CPU = Debug|Any CPU
		Release|Any CPU = Release|Any CPU
	EndGlobalSection
	GlobalSection(ProjectConfigurationPlatforms) = postSolution
		{2FE5B4F9-5696-4DCB-B2B5-A3CFE7758A9A}.Debug|Any CPU.ActiveCfg = Debug|Any CPU
		{2FE5B4F9-5696-4DCB-B2B5-A3CFE7758A9A}.Debug|Any CPU.Build.0 = Debug|Any CPU
		{2FE5B4F9-5696-4DCB-B2B5-A3CFE7758A9A}.Release|Any CPU.ActiveCfg = Release|Any CPU
		{2FE5B4F9-5696-4DCB-B2B5-A3CFE7758A9A}.Release|Any CPU.Build.0 = Release|Any CPU
	EndGlobalSection
	GlobalSection(SolutionProperties) = preSolution
		HideSolutionNode = FALSE
	EndGlobalSection
	GlobalSection(ExtensibilityGlobals) = postSolution
		SolutionGuid = {AA4A5FD7-DBF0-4F68-8019-0F331F8B9E9C}
	EndGlobalSection
EndGlobal
